// !$*UTF8*$!
{
	archiveVersion = 1;
	classes = {
	};
	objectVersion = 46;
	objects = {

/* Begin PBXBuildFile section */
		C49DE37E1C7618E5001C1598 /* AppDelegate.swift in Sources */ = {isa = PBXBuildFile; fileRef = C49DE37D1C7618E5001C1598 /* AppDelegate.swift */; };
		C49DE3801C7618E5001C1598 /* GameScene.sks in Resources */ = {isa = PBXBuildFile; fileRef = C49DE37F1C7618E5001C1598 /* GameScene.sks */; };
		C49DE3821C7618E5001C1598 /* GameScene.swift in Sources */ = {isa = PBXBuildFile; fileRef = C49DE3811C7618E5001C1598 /* GameScene.swift */; };
		C49DE3841C7618E5001C1598 /* GameViewController.swift in Sources */ = {isa = PBXBuildFile; fileRef = C49DE3831C7618E5001C1598 /* GameViewController.swift */; };
		C49DE3871C7618E5001C1598 /* Main.storyboard in Resources */ = {isa = PBXBuildFile; fileRef = C49DE3851C7618E5001C1598 /* Main.storyboard */; };
		C49DE3891C7618E5001C1598 /* Assets.xcassets in Resources */ = {isa = PBXBuildFile; fileRef = C49DE3881C7618E5001C1598 /* Assets.xcassets */; };
		C49DE38C1C7618E5001C1598 /* LaunchScreen.storyboard in Resources */ = {isa = PBXBuildFile; fileRef = C49DE38A1C7618E5001C1598 /* LaunchScreen.storyboard */; };
		C49DE3AA1C761980001C1598 /* explosion.caf in Resources */ = {isa = PBXBuildFile; fileRef = C49DE3941C761980001C1598 /* explosion.caf */; };
		C49DE3AB1C761980001C1598 /* launch.caf in Resources */ = {isa = PBXBuildFile; fileRef = C49DE3951C761980001C1598 /* launch.caf */; };
		C49DE3AC1C761980001C1598 /* penguin.png in Resources */ = {isa = PBXBuildFile; fileRef = C49DE3961C761980001C1598 /* penguin.png */; };
		C49DE3AD1C761980001C1598 /* penguin@2x.png in Resources */ = {isa = PBXBuildFile; fileRef = C49DE3971C761980001C1598 /* penguin@2x.png */; };
		C49DE3AE1C761980001C1598 /* sliceBackground.png in Resources */ = {isa = PBXBuildFile; fileRef = C49DE3981C761980001C1598 /* sliceBackground.png */; };
		C49DE3AF1C761980001C1598 /* sliceBackground@2x.png in Resources */ = {isa = PBXBuildFile; fileRef = C49DE3991C761980001C1598 /* sliceBackground@2x.png */; };
		C49DE3B01C761980001C1598 /* sliceBomb.png in Resources */ = {isa = PBXBuildFile; fileRef = C49DE39A1C761980001C1598 /* sliceBomb.png */; };
		C49DE3B11C761980001C1598 /* sliceBomb@2x.png in Resources */ = {isa = PBXBuildFile; fileRef = C49DE39B1C761980001C1598 /* sliceBomb@2x.png */; };
		C49DE3B21C761980001C1598 /* sliceBombFuse.caf in Resources */ = {isa = PBXBuildFile; fileRef = C49DE39C1C761980001C1598 /* sliceBombFuse.caf */; };
		C49DE3B31C761980001C1598 /* sliceFuse.sks in Resources */ = {isa = PBXBuildFile; fileRef = C49DE39D1C761980001C1598 /* sliceFuse.sks */; };
		C49DE3B41C761980001C1598 /* sliceHitBomb.sks in Resources */ = {isa = PBXBuildFile; fileRef = C49DE39E1C761980001C1598 /* sliceHitBomb.sks */; };
		C49DE3B51C761980001C1598 /* sliceHitEnemy.sks in Resources */ = {isa = PBXBuildFile; fileRef = C49DE39F1C761980001C1598 /* sliceHitEnemy.sks */; };
		C49DE3B61C761980001C1598 /* sliceLife.png in Resources */ = {isa = PBXBuildFile; fileRef = C49DE3A01C761980001C1598 /* sliceLife.png */; };
		C49DE3B71C761980001C1598 /* sliceLife@2x.png in Resources */ = {isa = PBXBuildFile; fileRef = C49DE3A11C761980001C1598 /* sliceLife@2x.png */; };
		C49DE3B81C761980001C1598 /* sliceLifeGone.png in Resources */ = {isa = PBXBuildFile; fileRef = C49DE3A21C761980001C1598 /* sliceLifeGone.png */; };
		C49DE3B91C761980001C1598 /* sliceLifeGone@2x.png in Resources */ = {isa = PBXBuildFile; fileRef = C49DE3A31C761980001C1598 /* sliceLifeGone@2x.png */; };
		C49DE3BA1C761980001C1598 /* spark.png in Resources */ = {isa = PBXBuildFile; fileRef = C49DE3A41C761980001C1598 /* spark.png */; };
		C49DE3BB1C761980001C1598 /* swoosh1.caf in Resources */ = {isa = PBXBuildFile; fileRef = C49DE3A51C761980001C1598 /* swoosh1.caf */; };
		C49DE3BC1C761980001C1598 /* swoosh2.caf in Resources */ = {isa = PBXBuildFile; fileRef = C49DE3A61C761980001C1598 /* swoosh2.caf */; };
		C49DE3BD1C761980001C1598 /* swoosh3.caf in Resources */ = {isa = PBXBuildFile; fileRef = C49DE3A71C761980001C1598 /* swoosh3.caf */; };
		C49DE3BE1C761980001C1598 /* whack.caf in Resources */ = {isa = PBXBuildFile; fileRef = C49DE3A81C761980001C1598 /* whack.caf */; };
		C49DE3BF1C761980001C1598 /* wrong.caf in Resources */ = {isa = PBXBuildFile; fileRef = C49DE3A91C761980001C1598 /* wrong.caf */; };
		C49DE3C21C761A85001C1598 /* Helper.swift in Sources */ = {isa = PBXBuildFile; fileRef = C49DE3C11C761A85001C1598 /* Helper.swift */; };
/* End PBXBuildFile section */

/* Begin PBXFileReference section */
		C49DE37A1C7618E5001C1598 /* Project17.app */ = {isa = PBXFileReference; explicitFileType = wrapper.application; includeInIndex = 0; path = Project17.app; sourceTree = BUILT_PRODUCTS_DIR; };
		C49DE37D1C7618E5001C1598 /* AppDelegate.swift */ = {isa = PBXFileReference; lastKnownFileType = sourcecode.swift; path = AppDelegate.swift; sourceTree = "<group>"; };
		C49DE37F1C7618E5001C1598 /* GameScene.sks */ = {isa = PBXFileReference; lastKnownFileType = file.sks; path = GameScene.sks; sourceTree = "<group>"; };
		C49DE3811C7618E5001C1598 /* GameScene.swift */ = {isa = PBXFileReference; lastKnownFileType = sourcecode.swift; path = GameScene.swift; sourceTree = "<group>"; };
		C49DE3831C7618E5001C1598 /* GameViewController.swift */ = {isa = PBXFileReference; lastKnownFileType = sourcecode.swift; path = GameViewController.swift; sourceTree = "<group>"; };
		C49DE3861C7618E5001C1598 /* Base */ = {isa = PBXFileReference; lastKnownFileType = file.storyboard; name = Base; path = Base.lproj/Main.storyboard; sourceTree = "<group>"; };
		C49DE3881C7618E5001C1598 /* Assets.xcassets */ = {isa = PBXFileReference; lastKnownFileType = folder.assetcatalog; path = Assets.xcassets; sourceTree = "<group>"; };
		C49DE38B1C7618E5001C1598 /* Base */ = {isa = PBXFileReference; lastKnownFileType = file.storyboard; name = Base; path = Base.lproj/LaunchScreen.storyboard; sourceTree = "<group>"; };
		C49DE38D1C7618E5001C1598 /* Info.plist */ = {isa = PBXFileReference; lastKnownFileType = text.plist.xml; path = Info.plist; sourceTree = "<group>"; };
		C49DE3941C761980001C1598 /* explosion.caf */ = {isa = PBXFileReference; lastKnownFileType = file; path = explosion.caf; sourceTree = "<group>"; };
		C49DE3951C761980001C1598 /* launch.caf */ = {isa = PBXFileReference; lastKnownFileType = file; path = launch.caf; sourceTree = "<group>"; };
		C49DE3961C761980001C1598 /* penguin.png */ = {isa = PBXFileReference; lastKnownFileType = image.png; path = penguin.png; sourceTree = "<group>"; };
		C49DE3971C761980001C1598 /* penguin@2x.png */ = {isa = PBXFileReference; lastKnownFileType = image.png; path = "penguin@2x.png"; sourceTree = "<group>"; };
		C49DE3981C761980001C1598 /* sliceBackground.png */ = {isa = PBXFileReference; lastKnownFileType = image.png; path = sliceBackground.png; sourceTree = "<group>"; };
		C49DE3991C761980001C1598 /* sliceBackground@2x.png */ = {isa = PBXFileReference; lastKnownFileType = image.png; path = "sliceBackground@2x.png"; sourceTree = "<group>"; };
		C49DE39A1C761980001C1598 /* sliceBomb.png */ = {isa = PBXFileReference; lastKnownFileType = image.png; path = sliceBomb.png; sourceTree = "<group>"; };
		C49DE39B1C761980001C1598 /* sliceBomb@2x.png */ = {isa = PBXFileReference; lastKnownFileType = image.png; path = "sliceBomb@2x.png"; sourceTree = "<group>"; };
		C49DE39C1C761980001C1598 /* sliceBombFuse.caf */ = {isa = PBXFileReference; lastKnownFileType = file; path = sliceBombFuse.caf; sourceTree = "<group>"; };
		C49DE39D1C761980001C1598 /* sliceFuse.sks */ = {isa = PBXFileReference; lastKnownFileType = file.sks; path = sliceFuse.sks; sourceTree = "<group>"; };
		C49DE39E1C761980001C1598 /* sliceHitBomb.sks */ = {isa = PBXFileReference; lastKnownFileType = file.sks; path = sliceHitBomb.sks; sourceTree = "<group>"; };
		C49DE39F1C761980001C1598 /* sliceHitEnemy.sks */ = {isa = PBXFileReference; lastKnownFileType = file.sks; path = sliceHitEnemy.sks; sourceTree = "<group>"; };
		C49DE3A01C761980001C1598 /* sliceLife.png */ = {isa = PBXFileReference; lastKnownFileType = image.png; path = sliceLife.png; sourceTree = "<group>"; };
		C49DE3A11C761980001C1598 /* sliceLife@2x.png */ = {isa = PBXFileReference; lastKnownFileType = image.png; path = "sliceLife@2x.png"; sourceTree = "<group>"; };
		C49DE3A21C761980001C1598 /* sliceLifeGone.png */ = {isa = PBXFileReference; lastKnownFileType = image.png; path = sliceLifeGone.png; sourceTree = "<group>"; };
		C49DE3A31C761980001C1598 /* sliceLifeGone@2x.png */ = {isa = PBXFileReference; lastKnownFileType = image.png; path = "sliceLifeGone@2x.png"; sourceTree = "<group>"; };
		C49DE3A41C761980001C1598 /* spark.png */ = {isa = PBXFileReference; lastKnownFileType = image.png; path = spark.png; sourceTree = "<group>"; };
		C49DE3A51C761980001C1598 /* swoosh1.caf */ = {isa = PBXFileReference; lastKnownFileType = file; path = swoosh1.caf; sourceTree = "<group>"; };
		C49DE3A61C761980001C1598 /* swoosh2.caf */ = {isa = PBXFileReference; lastKnownFileType = file; path = swoosh2.caf; sourceTree = "<group>"; };
		C49DE3A71C761980001C1598 /* swoosh3.caf */ = {isa = PBXFileReference; lastKnownFileType = file; path = swoosh3.caf; sourceTree = "<group>"; };
		C49DE3A81C761980001C1598 /* whack.caf */ = {isa = PBXFileReference; lastKnownFileType = file; path = whack.caf; sourceTree = "<group>"; };
		C49DE3A91C761980001C1598 /* wrong.caf */ = {isa = PBXFileReference; lastKnownFileType = file; path = wrong.caf; sourceTree = "<group>"; };
		C49DE3C01C7619B5001C1598 /* README.md */ = {isa = PBXFileReference; lastKnownFileType = net.daringfireball.markdown; path = README.md; sourceTree = "<group>"; };
		C49DE3C11C761A85001C1598 /* Helper.swift */ = {isa = PBXFileReference; fileEncoding = 4; lastKnownFileType = sourcecode.swift; path = Helper.swift; sourceTree = "<group>"; };
/* End PBXFileReference section */

/* Begin PBXFrameworksBuildPhase section */
		C49DE3771C7618E5001C1598 /* Frameworks */ = {
			isa = PBXFrameworksBuildPhase;
			buildActionMask = 2147483647;
			files = (
			);
			runOnlyForDeploymentPostprocessing = 0;
		};
/* End PBXFrameworksBuildPhase section */

/* Begin PBXGroup section */
		C49DE3711C7618E5001C1598 = {
			isa = PBXGroup;
			children = (
				C49DE3C01C7619B5001C1598 /* README.md */,
				C49DE37C1C7618E5001C1598 /* Project17 */,
				C49DE37B1C7618E5001C1598 /* Products */,
			);
			sourceTree = "<group>";
		};
		C49DE37B1C7618E5001C1598 /* Products */ = {
			isa = PBXGroup;
			children = (
				C49DE37A1C7618E5001C1598 /* Project17.app */,
			);
			name = Products;
			sourceTree = "<group>";
		};
		C49DE37C1C7618E5001C1598 /* Project17 */ = {
			isa = PBXGroup;
			children = (
				C49DE37D1C7618E5001C1598 /* AppDelegate.swift */,
				C49DE3881C7618E5001C1598 /* Assets.xcassets */,
				C49DE3931C761980001C1598 /* Content */,
				C49DE37F1C7618E5001C1598 /* GameScene.sks */,
				C49DE3811C7618E5001C1598 /* GameScene.swift */,
				C49DE3831C7618E5001C1598 /* GameViewController.swift */,
				C49DE3C11C761A85001C1598 /* Helper.swift */,
				C49DE38D1C7618E5001C1598 /* Info.plist */,
				C49DE38A1C7618E5001C1598 /* LaunchScreen.storyboard */,
				C49DE3851C7618E5001C1598 /* Main.storyboard */,
			);
			path = Project17;
			sourceTree = "<group>";
		};
		C49DE3931C761980001C1598 /* Content */ = {
			isa = PBXGroup;
			children = (
				C49DE3941C761980001C1598 /* explosion.caf */,
				C49DE3951C761980001C1598 /* launch.caf */,
				C49DE3961C761980001C1598 /* penguin.png */,
				C49DE3971C761980001C1598 /* penguin@2x.png */,
				C49DE3981C761980001C1598 /* sliceBackground.png */,
				C49DE3991C761980001C1598 /* sliceBackground@2x.png */,
				C49DE39A1C761980001C1598 /* sliceBomb.png */,
				C49DE39B1C761980001C1598 /* sliceBomb@2x.png */,
				C49DE39C1C761980001C1598 /* sliceBombFuse.caf */,
				C49DE39D1C761980001C1598 /* sliceFuse.sks */,
				C49DE39E1C761980001C1598 /* sliceHitBomb.sks */,
				C49DE39F1C761980001C1598 /* sliceHitEnemy.sks */,
				C49DE3A01C761980001C1598 /* sliceLife.png */,
				C49DE3A11C761980001C1598 /* sliceLife@2x.png */,
				C49DE3A21C761980001C1598 /* sliceLifeGone.png */,
				C49DE3A31C761980001C1598 /* sliceLifeGone@2x.png */,
				C49DE3A41C761980001C1598 /* spark.png */,
				C49DE3A51C761980001C1598 /* swoosh1.caf */,
				C49DE3A61C761980001C1598 /* swoosh2.caf */,
				C49DE3A71C761980001C1598 /* swoosh3.caf */,
				C49DE3A81C761980001C1598 /* whack.caf */,
				C49DE3A91C761980001C1598 /* wrong.caf */,
			);
			path = Content;
			sourceTree = "<group>";
		};
/* End PBXGroup section */

/* Begin PBXNativeTarget section */
		C49DE3791C7618E5001C1598 /* Project17 */ = {
			isa = PBXNativeTarget;
			buildConfigurationList = C49DE3901C7618E5001C1598 /* Build configuration list for PBXNativeTarget "Project17" */;
			buildPhases = (
				C49DE3761C7618E5001C1598 /* Sources */,
				C49DE3771C7618E5001C1598 /* Frameworks */,
				C49DE3781C7618E5001C1598 /* Resources */,
			);
			buildRules = (
			);
			dependencies = (
			);
			name = Project17;
			productName = Project17;
			productReference = C49DE37A1C7618E5001C1598 /* Project17.app */;
			productType = "com.apple.product-type.application";
		};
/* End PBXNativeTarget section */

/* Begin PBXProject section */
		C49DE3721C7618E5001C1598 /* Project object */ = {
			isa = PBXProject;
			attributes = {
				LastSwiftUpdateCheck = 0720;
				LastUpgradeCheck = 0720;
				ORGANIZATIONNAME = J4SOFT;
				TargetAttributes = {
					C49DE3791C7618E5001C1598 = {
						CreatedOnToolsVersion = 7.2.1;
					};
				};
			};
			buildConfigurationList = C49DE3751C7618E5001C1598 /* Build configuration list for PBXProject "Project17" */;
			compatibilityVersion = "Xcode 3.2";
			developmentRegion = English;
			hasScannedForEncodings = 0;
			knownRegions = (
				en,
				Base,
			);
			mainGroup = C49DE3711C7618E5001C1598;
			productRefGroup = C49DE37B1C7618E5001C1598 /* Products */;
			projectDirPath = "";
			projectRoot = "";
			targets = (
				C49DE3791C7618E5001C1598 /* Project17 */,
			);
		};
/* End PBXProject section */

/* Begin PBXResourcesBuildPhase section */
		C49DE3781C7618E5001C1598 /* Resources */ = {
			isa = PBXResourcesBuildPhase;
			buildActionMask = 2147483647;
			files = (
				C49DE3AE1C761980001C1598 /* sliceBackground.png in Resources */,
				C49DE3B11C761980001C1598 /* sliceBomb@2x.png in Resources */,
				C49DE3AF1C761980001C1598 /* sliceBackground@2x.png in Resources */,
				C49DE3B51C761980001C1598 /* sliceHitEnemy.sks in Resources */,
				C49DE3AC1C761980001C1598 /* penguin.png in Resources */,
				C49DE3B21C761980001C1598 /* sliceBombFuse.caf in Resources */,
				C49DE3BE1C761980001C1598 /* whack.caf in Resources */,
				C49DE3B31C761980001C1598 /* sliceFuse.sks in Resources */,
				C49DE3AD1C761980001C1598 /* penguin@2x.png in Resources */,
				C49DE3801C7618E5001C1598 /* GameScene.sks in Resources */,
				C49DE3AB1C761980001C1598 /* launch.caf in Resources */,
				C49DE3BA1C761980001C1598 /* spark.png in Resources */,
				C49DE3BF1C761980001C1598 /* wrong.caf in Resources */,
				C49DE3B41C761980001C1598 /* sliceHitBomb.sks in Resources */,
				C49DE3B01C761980001C1598 /* sliceBomb.png in Resources */,
				C49DE3B81C761980001C1598 /* sliceLifeGone.png in Resources */,
				C49DE38C1C7618E5001C1598 /* LaunchScreen.storyboard in Resources */,
				C49DE3BB1C761980001C1598 /* swoosh1.caf in Resources */,
				C49DE3B91C761980001C1598 /* sliceLifeGone@2x.png in Resources */,
				C49DE3BD1C761980001C1598 /* swoosh3.caf in Resources */,
				C49DE3B71C761980001C1598 /* sliceLife@2x.png in Resources */,
				C49DE3BC1C761980001C1598 /* swoosh2.caf in Resources */,
				C49DE3AA1C761980001C1598 /* explosion.caf in Resources */,
				C49DE3891C7618E5001C1598 /* Assets.xcassets in Resources */,
				C49DE3871C7618E5001C1598 /* Main.storyboard in Resources */,
				C49DE3B61C761980001C1598 /* sliceLife.png in Resources */,
			);
			runOnlyForDeploymentPostprocessing = 0;
		};
/* End PBXResourcesBuildPhase section */

/* Begin PBXSourcesBuildPhase section */
		C49DE3761C7618E5001C1598 /* Sources */ = {
			isa = PBXSourcesBuildPhase;
			buildActionMask = 2147483647;
			files = (
				C49DE3821C7618E5001C1598 /* GameScene.swift in Sources */,
				C49DE3841C7618E5001C1598 /* GameViewController.swift in Sources */,
				C49DE37E1C7618E5001C1598 /* AppDelegate.swift in Sources */,
				C49DE3C21C761A85001C1598 /* Helper.swift in Sources */,
			);
			runOnlyForDeploymentPostprocessing = 0;
		};
/* End PBXSourcesBuildPhase section */

/* Begin PBXVariantGroup section */
		C49DE3851C7618E5001C1598 /* Main.storyboard */ = {
			isa = PBXVariantGroup;
			children = (
				C49DE3861C7618E5001C1598 /* Base */,
			);
			name = Main.storyboard;
			sourceTree = "<group>";
		};
		C49DE38A1C7618E5001C1598 /* LaunchScreen.storyboard */ = {
			isa = PBXVariantGroup;
			children = (
				C49DE38B1C7618E5001C1598 /* Base */,
			);
			name = LaunchScreen.storyboard;
			sourceTree = "<group>";
		};
/* End PBXVariantGroup section */

/* Begin XCBuildConfiguration section */
		C49DE38E1C7618E5001C1598 /* Debug */ = {
			isa = XCBuildConfiguration;
			buildSettings = {
				ALWAYS_SEARCH_USER_PATHS = NO;
				CLANG_CXX_LANGUAGE_STANDARD = "gnu++0x";
				CLANG_CXX_LIBRARY = "libc++";
				CLANG_ENABLE_MODULES = YES;
				CLANG_ENABLE_OBJC_ARC = YES;
				CLANG_WARN_BOOL_CONVERSION = YES;
				CLANG_WARN_CONSTANT_CONVERSION = YES;
				CLANG_WARN_DIRECT_OBJC_ISA_USAGE = YES_ERROR;
				CLANG_WARN_EMPTY_BODY = YES;
				CLANG_WARN_ENUM_CONVERSION = YES;
				CLANG_WARN_INT_CONVERSION = YES;
				CLANG_WARN_OBJC_ROOT_CLASS = YES_ERROR;
				CLANG_WARN_UNREACHABLE_CODE = YES;
				CLANG_WARN__DUPLICATE_METHOD_MATCH = YES;
				"CODE_SIGN_IDENTITY[sdk=iphoneos*]" = "iPhone Developer";
				COPY_PHASE_STRIP = NO;
				DEBUG_INFORMATION_FORMAT = "dwarf-with-dsym";
				ENABLE_STRICT_OBJC_MSGSEND = YES;
				ENABLE_TESTABILITY = YES;
				GCC_C_LANGUAGE_STANDARD = gnu99;
				GCC_DYNAMIC_NO_PIC = NO;
				GCC_NO_COMMON_BLOCKS = YES;
				GCC_OPTIMIZATION_LEVEL = 0;
				GCC_PREPROCESSOR_DEFINITIONS = (
					"DEBUG=1",
					"$(inherited)",
				);
				GCC_WARN_64_TO_32_BIT_CONVERSION = YES;
				GCC_WARN_ABOUT_RETURN_TYPE = YES_ERROR;
				GCC_WARN_UNDECLARED_SELECTOR = YES;
				GCC_WARN_UNINITIALIZED_AUTOS = YES_AGGRESSIVE;
				GCC_WARN_UNUSED_FUNCTION = YES;
				GCC_WARN_UNUSED_VARIABLE = YES;
				IPHONEOS_DEPLOYMENT_TARGET = 9.2;
				MTL_ENABLE_DEBUG_INFO = YES;
				ONLY_ACTIVE_ARCH = YES;
				SDKROOT = iphoneos;
				SWIFT_OPTIMIZATION_LEVEL = "-Onone";
				TARGETED_DEVICE_FAMILY = 2;
			};
			name = Debug;
		};
		C49DE38F1C7618E5001C1598 /* Release */ = {
			isa = XCBuildConfiguration;
			buildSettings = {
				ALWAYS_SEARCH_USER_PATHS = NO;
				CLANG_CXX_LANGUAGE_STANDARD = "gnu++0x";
				CLANG_CXX_LIBRARY = "libc++";
				CLANG_ENABLE_MODULES = YES;
				CLANG_ENABLE_OBJC_ARC = YES;
				CLANG_WARN_BOOL_CONVERSION = YES;
				CLANG_WARN_CONSTANT_CONVERSION = YES;
				CLANG_WARN_DIRECT_OBJC_ISA_USAGE = YES_ERROR;
				CLANG_WARN_EMPTY_BODY = YES;
				CLANG_WARN_ENUM_CONVERSION = YES;
				CLANG_WARN_INT_CONVERSION = YES;
				CLANG_WARN_OBJC_ROOT_CLASS = YES_ERROR;
				CLANG_WARN_UNREACHABLE_CODE = YES;
				CLANG_WARN__DUPLICATE_METHOD_MATCH = YES;
				"CODE_SIGN_IDENTITY[sdk=iphoneos*]" = "iPhone Developer";
				COPY_PHASE_STRIP = NO;
				DEBUG_INFORMATION_FORMAT = "dwarf-with-dsym";
				ENABLE_NS_ASSERTIONS = NO;
				ENABLE_STRICT_OBJC_MSGSEND = YES;
				GCC_C_LANGUAGE_STANDARD = gnu99;
				GCC_NO_COMMON_BLOCKS = YES;
				GCC_WARN_64_TO_32_BIT_CONVERSION = YES;
				GCC_WARN_ABOUT_RETURN_TYPE = YES_ERROR;
				GCC_WARN_UNDECLARED_SELECTOR = YES;
				GCC_WARN_UNINITIALIZED_AUTOS = YES_AGGRESSIVE;
				GCC_WARN_UNUSED_FUNCTION = YES;
				GCC_WARN_UNUSED_VARIABLE = YES;
				IPHONEOS_DEPLOYMENT_TARGET = 9.2;
				MTL_ENABLE_DEBUG_INFO = NO;
				SDKROOT = iphoneos;
				TARGETED_DEVICE_FAMILY = 2;
				VALIDATE_PRODUCT = YES;
			};
			name = Release;
		};
		C49DE3911C7618E5001C1598 /* Debug */ = {
			isa = XCBuildConfiguration;
			buildSettings = {
				ASSETCATALOG_COMPILER_APPICON_NAME = AppIcon;
				INFOPLIST_FILE = Project17/Info.plist;
				LD_RUNPATH_SEARCH_PATHS = "$(inherited) @executable_path/Frameworks";
				PRODUCT_BUNDLE_IDENTIFIER = J4SOFT.Project17;
				PRODUCT_NAME = "$(TARGET_NAME)";
			};
			name = Debug;
		};
		C49DE3921C7618E5001C1598 /* Release */ = {
			isa = XCBuildConfiguration;
			buildSettings = {
				ASSETCATALOG_COMPILER_APPICON_NAME = AppIcon;
				INFOPLIST_FILE = Project17/Info.plist;
				LD_RUNPATH_SEARCH_PATHS = "$(inherited) @executable_path/Frameworks";
				PRODUCT_BUNDLE_IDENTIFIER = J4SOFT.Project17;
				PRODUCT_NAME = "$(TARGET_NAME)";
			};
			name = Release;
		};
/* End XCBuildConfiguration section */

/* Begin XCConfigurationList section */
		C49DE3751C7618E5001C1598 /* Build configuration list for PBXProject "Project17" */ = {
			isa = XCConfigurationList;
			buildConfigurations = (
				C49DE38E1C7618E5001C1598 /* Debug */,
				C49DE38F1C7618E5001C1598 /* Release */,
			);
			defaultConfigurationIsVisible = 0;
			defaultConfigurationName = Release;
		};
		C49DE3901C7618E5001C1598 /* Build configuration list for PBXNativeTarget "Project17" */ = {
			isa = XCConfigurationList;
			buildConfigurations = (
				C49DE3911C7618E5001C1598 /* Debug */,
				C49DE3921C7618E5001C1598 /* Release */,
			);
			defaultConfigurationIsVisible = 0;
		};
/* End XCConfigurationList section */
	};
	rootObject = C49DE3721C7618E5001C1598 /* Project object */;
}
